<?xml version="1.0" encoding="utf-8"?>
<Project ToolsVersion="4.0" xmlns="http://schemas.microsoft.com/developer/msbuild/2003">
  <ItemGroup>
    <ClCompile Include="Source\GameEngine\Grid.cpp" />
    <ClCompile Include="Source\GameEngine\EntitySystem\Components\TextRenderComponent.cpp" />
    <ClCompile Include="Source\GameEngine\Util\CameraManager.cpp" />
    <ClCompile Include="Source\GameEngine\EntitySystem\Components\ParticleComponent.cpp" />
    <ClCompile Include="Source\GameEngine\EntitySystem\Components\ParticleEmitterComponent.cpp" />
    <ClCompile Include="Source\GameEngine\EntitySystem\Components\SoundComponent.cpp" />
    <ClCompile Include="Source\GameEngine\Util\AnimationManager.cpp" />
    <ClCompile Include="Source\GameEngine\EntitySystem\Components\AnimationComponent.cpp" />
    <ClCompile Include="Source\GameEngine\EntitySystem\Components\CollidablePhysicsComponent.cpp" />
    <ClCompile Include="Source\GameEngine\EntitySystem\Components\CollidableComponent.cpp" />
    <ClCompile Include="Source\GameEngine\Util\CollisionManager.cpp" />
    <ClCompile Include="Source\GameEngine\Util\SoundManager.cpp" />
    <ClCompile Include="Source\Game\GameBoard.cpp" />
    <ClCompile Include="Source\GameEngine\EntitySystem\Components\RenderComponent.cpp" />
    <ClCompile Include="Source\GameEngine\EntitySystem\Component.cpp" />
    <ClCompile Include="Source\main.cpp" />
    <ClCompile Include="Source\GameEngine\EntitySystem\Entity.cpp" />
    <ClCompile Include="Source\GameEngine\GameEngineMain.cpp" />
    <ClCompile Include="Source\GameEngine\Util\TextureManager.cpp" />
    <ClCompile Include="Source\GameEngine\EntitySystem\Components\SpriteRenderComponent.cpp" />
    <ClCompile Include="Source\Game\Scoreboard\Entities\ScoreboardEntity.cpp" />
    <ClCompile Include="Source\Game\Scoreboard\Entities\ScoreEntity.cpp" />
    <ClCompile Include="Source\Game\Scoreboard\Entities\TimerEntity.cpp" />
  </ItemGroup>
  <ItemGroup>
    <ClInclude Include="Source\GameEngine\Grid.h" />
    <ClInclude Include="Source\GameEngine\EntitySystem\Components\TextRenderComponent.h" />
    <ClInclude Include="Source\GameEngine\Util\CameraManager.h" />
    <ClInclude Include="Source\GameEngine\EntitySystem\Components\ParticleComponent.h" />
    <ClInclude Include="Source\GameEngine\EntitySystem\Components\ParticleEmitterComponent.h" />
    <ClInclude Include="Source\GameEngine\EntitySystem\Components\SoundComponent.h" />
    <ClInclude Include="Source\GameEngine\Util\AnimationManager.h" />
    <ClInclude Include="Source\GameEngine\EntitySystem\Components\AnimationComponent.h" />
    <ClInclude Include="Source\GameEngine\EntitySystem\Components\CollidablePhysicsComponent.h" />
    <ClInclude Include="Source\GameEngine\EntitySystem\Components\CollidableComponent.h" />
    <ClInclude Include="Source\GameEngine\Util\CollisionManager.h" />
    <ClInclude Include="Source\GameEngine\Util\SoundManager.h" />
    <ClInclude Include="Source\Game\GameBoard.h" />
    <ClInclude Include="Source\GameEngine\EntitySystem\Components\RenderComponent.h" />
    <ClInclude Include="Source\GameEngine\EntitySystem\Component.h" />
    <ClInclude Include="Source\GameEngine\EntitySystem\Entity.h" />
    <ClInclude Include="Source\GameEngine\GameEngineMain.h" />
    <ClInclude Include="Source\GameEngine\Util\TextureManager.h" />
    <ClInclude Include="Source\GameEngine\EntitySystem\Components\SpriteRenderComponent.h" />
    <ClInclude Include="Source\Game\Scoreboard\Entities\ScoreboardEntity.h" />
    <ClInclude Include="Source\Game\Scoreboard\Entities\ScoreEntity.h" />
    <ClInclude Include="Source\Game\Scoreboard\Entities\TimerEntity.h" />
  </ItemGroup>
  <ItemGroup>
    <Font Include="Resources\fonts\arial.ttf" />
    <Filter Include="Source Files">
      <UniqueIdentifier>{4FC737F1-C7A5-4376-A066-2A32D752A2FF}</UniqueIdentifier>
      <Extensions>cpp;c;cc;cxx;def;odl;idl;hpj;bat;asm;asmx</Extensions>
    </Filter>
    <Filter Include="Header Files">
      <UniqueIdentifier>{93995380-89BD-4b04-88EB-625FBE52EBFB}</UniqueIdentifier>
      <Extensions>h;hh;hpp;hxx;hm;inl;inc;xsd</Extensions>
    </Filter>
    <Filter Include="Resource Files">
      <UniqueIdentifier>{67DA6AB6-F800-4c08-8B7A-83BB121AAD01}</UniqueIdentifier>
      <Extensions>rc;ico;cur;bmp;dlg;rc2;rct;bin;rgs;gif;jpg;jpeg;jpe;resx;tiff;tif;png;wav;mfcribbon-ms</Extensions>
    </Filter>
    <Filter Include="Source Files\GameEngine">
      <UniqueIdentifier>{142392d3-07ff-4296-ac90-43d6e7a6f943}</UniqueIdentifier>
    </Filter>
    <Filter Include="Source Files\Movement">
      <UniqueIdentifier>{a9d5f43e-32f4-4b71-8a41-eb1d3eea4a59}</UniqueIdentifier>
    </Filter>
  </ItemGroup>
  <ItemGroup>
    <ClCompile Include="Source\GameEngine\GameEngineMain.cpp">
      <Filter>Source Files\GameEngine</Filter>
    </ClCompile>
    <ClCompile Include="Source\GameEngine\EntitySystem\Entity.cpp">
      <Filter>Source Files</Filter>
    </ClCompile>
    <ClCompile Include="Source\GameEngine\EntitySystem\Component.cpp">
      <Filter>Source Files</Filter>
    </ClCompile>
    <ClCompile Include="Source\GameEngine\EntitySystem\Components\RenderComponent.cpp">
      <Filter>Source Files</Filter>
    </ClCompile>
    <ClCompile Include="Source\Game\GameBoard.cpp">
      <Filter>Source Files</Filter>
    </ClCompile>
    <ClCompile Include="Source\GameEngine\Util\CollisionManager.cpp">
      <Filter>Source Files</Filter>
    </ClCompile>
    <ClCompile Include="Source\GameEngine\EntitySystem\Components\CollidableComponent.cpp">
      <Filter>Source Files</Filter>
    </ClCompile>
    <ClCompile Include="Source\GameEngine\EntitySystem\Components\CollidablePhysicsComponent.cpp">
      <Filter>Source Files</Filter>
    </ClCompile>
    <ClCompile Include="Source\GameEngine\Util\TextureManager.cpp">
      <Filter>Source Files</Filter>
    </ClCompile>
    <ClCompile Include="Source\GameEngine\EntitySystem\Components\SpriteRenderComponent.cpp">
      <Filter>Source Files</Filter>
    </ClCompile>
    <ClCompile Include="Source\GameEngine\EntitySystem\Components\AnimationComponent.cpp">
      <Filter>Source Files</Filter>
    </ClCompile>
    <ClCompile Include="Source\GameEngine\Util\AnimationManager.cpp">
      <Filter>Source Files</Filter>
    </ClCompile>
    <ClCompile Include="Source\GameEngine\EntitySystem\Components\ParticleComponent.cpp">
      <Filter>Source Files</Filter>
    </ClCompile>
    <ClCompile Include="Source\GameEngine\EntitySystem\Components\ParticleEmitterComponent.cpp">
      <Filter>Source Files</Filter>
    </ClCompile>
    <ClCompile Include="Source\GameEngine\EntitySystem\Components\SoundComponent.cpp">
      <Filter>Source Files</Filter>
    </ClCompile>
    <ClCompile Include="Source\GameEngine\Util\SoundManager.cpp">
      <Filter>Source Files</Filter>
    </ClCompile>
    <ClCompile Include="Source\GameEngine\Util\CameraManager.cpp">
      <Filter>Source Files</Filter>
    </ClCompile>
    <ClCompile Include="Source\main.cpp">
      <Filter>Source Files</Filter>
    </ClCompile>
    <ClCompile Include="Source\GameEngine\EntitySystem\Components\TextRenderComponent.cpp">
      <Filter>Source Files</Filter>
    </ClCompile>
    <ClCompile Include="Source\Game\Paddle\Paddlemovement.cpp">
      <Filter>Source Files\Movement</Filter>
    </ClCompile>
    <ClCompile Include="Source\Game\Paddle\PaddleEntity.cpp">
      <Filter>Source Files</Filter>
    </ClCompile>
    <ClCompile Include="Source\GameEngine\Grid.cpp">
      <Filter>Source Files</Filter>
    </ClCompile>
    <ClCompile Include="Source\Game\Ball\BallEntity.cpp">
      <Filter>Source Files</Filter>
    </ClCompile>
    <ClCompile Include="Source\Game\Ball\BallComponents\BallMovementComponent.cpp">
    <ClCompile Include="Source\Game\Paddle\Paddlemovement2.cpp">
      <Filter>Source Files</Filter>
    </ClCompile>
    <ClCompile Include="Source\Game\Paddle\PaddleEntity2.cpp">
      <Filter>Source Files</Filter>
    </ClCompile>
  </ItemGroup>
  <ItemGroup>
    <ClInclude Include="Source\GameEngine\GameEngineMain.h">
      <Filter>Source Files\GameEngine</Filter>
    </ClInclude>
    <ClInclude Include="Source\GameEngine\EntitySystem\Entity.h">
      <Filter>Header Files</Filter>
    </ClInclude>
    <ClInclude Include="Source\GameEngine\EntitySystem\Component.h">
      <Filter>Header Files</Filter>
    </ClInclude>
    <ClInclude Include="Source\GameEngine\EntitySystem\Components\RenderComponent.h">
      <Filter>Header Files</Filter>
    </ClInclude>
    <ClInclude Include="Source\Game\GameBoard.h">
      <Filter>Header Files</Filter>
    </ClInclude>
    <ClInclude Include="Source\GameEngine\Util\CollisionManager.h">
      <Filter>Header Files</Filter>
    </ClInclude>
    <ClInclude Include="Source\GameEngine\EntitySystem\Components\CollidableComponent.h">
      <Filter>Header Files</Filter>
    </ClInclude>
    <ClInclude Include="Source\GameEngine\EntitySystem\Components\CollidablePhysicsComponent.h">
      <Filter>Header Files</Filter>
    </ClInclude>
    <ClInclude Include="Source\GameEngine\Util\TextureManager.h">
      <Filter>Header Files</Filter>
    </ClInclude>
    <ClInclude Include="Source\GameEngine\EntitySystem\Components\SpriteRenderComponent.h">
      <Filter>Header Files</Filter>
    </ClInclude>
    <ClInclude Include="Source\GameEngine\EntitySystem\Components\AnimationComponent.h">
      <Filter>Header Files</Filter>
    </ClInclude>
    <ClInclude Include="Source\GameEngine\Util\AnimationManager.h">
      <Filter>Header Files</Filter>
    </ClInclude>
    <ClInclude Include="Source\GameEngine\EntitySystem\Components\ParticleComponent.h">
      <Filter>Header Files</Filter>
    </ClInclude>
    <ClInclude Include="Source\GameEngine\EntitySystem\Components\ParticleEmitterComponent.h">
      <Filter>Header Files</Filter>
    </ClInclude>
    <ClInclude Include="Source\GameEngine\EntitySystem\Components\SoundComponent.h">
      <Filter>Header Files</Filter>
    </ClInclude>
    <ClInclude Include="Source\GameEngine\Util\SoundManager.h">
      <Filter>Header Files</Filter>
    </ClInclude>
    <ClInclude Include="Source\GameEngine\Util\CameraManager.h">
      <Filter>Header Files</Filter>
    </ClInclude>
    <ClInclude Include="Source\GameEngine\EntitySystem\Components\TextRenderComponent.h">
      <Filter>Header Files</Filter>
    </ClInclude>
    <ClInclude Include="Source\Game\Paddle\Paddlemovement.h">
      <Filter>Source Files\Movement</Filter>
    </ClInclude>
    <ClInclude Include="Source\Game\Paddle\PaddleEntity.h">
      <Filter>Header Files</Filter>
    </ClInclude>
    <ClInclude Include="Source\GameEngine\Grid.h">
      <Filter>Header Files</Filter>
    </ClInclude>
    <ClInclude Include="Source\Game\Ball\BallEntity.h">
      <Filter>Header Files</Filter>
    </ClInclude>
    <ClInclude Include="Source\Game\Ball\BallComponents\BallMovementComponent.h">
    <ClInclude Include="Source\Game\Paddle\Paddlemovement2.h">
      <Filter>Header Files</Filter>
    </ClInclude>
    <ClInclude Include="Source\Game\Paddle\PaddleEntity2.h">
      <Filter>Header Files</Filter>
    </ClInclude>
  </ItemGroup>
  <ItemGroup>
    <Image Include="Resources\img\Black.png">
      <Filter>Resource Files</Filter>
    </Image>
    <Image Include="Resources\img\whiteball.png">
      <Filter>Resource Files</Filter>
    </Image>
  </ItemGroup>
</Project>